
Microsoft Visual Studio Solution File, Format Version 12.00
# Visual Studio 2015
Project("{FAE04EC0-301F-11D3-BF4B-00C04F79EFBC}") = "holo-share-self", "holo-share-self.csproj", "{36ABA748-831F-7711-3C75-95ADD3D8088E}"
EndProject
Project("{FAE04EC0-301F-11D3-BF4B-00C04F79EFBC}") = "holo-share-self.Editor", "holo-share-self.Editor.csproj", "{5FCF3EAD-E356-66DB-A357-B385E0B68BDE}"
EndProject
Global
	GlobalSection(SolutionConfigurationPlatforms) = preSolution
		Debug|Any CPU = Debug|Any CPU
		Release|Any CPU = Release|Any CPU
	EndGlobalSection
	GlobalSection(ProjectConfigurationPlatforms) = postSolution
		{36ABA748-831F-7711-3C75-95ADD3D8088E}.Debug|Any CPU.ActiveCfg = Debug|Any CPU
		{36ABA748-831F-7711-3C75-95ADD3D8088E}.Debug|Any CPU.Build.0 = Debug|Any CPU
		{36ABA748-831F-7711-3C75-95ADD3D8088E}.Release|Any CPU.ActiveCfg = Release|Any CPU
		{36ABA748-831F-7711-3C75-95ADD3D8088E}.Release|Any CPU.Build.0 = Release|Any CPU
		{5FCF3EAD-E356-66DB-A357-B385E0B68BDE}.Debug|Any CPU.ActiveCfg = Debug|Any CPU
		{5FCF3EAD-E356-66DB-A357-B385E0B68BDE}.Debug|Any CPU.Build.0 = Debug|Any CPU
		{5FCF3EAD-E356-66DB-A357-B385E0B68BDE}.Release|Any CPU.ActiveCfg = Release|Any CPU
		{5FCF3EAD-E356-66DB-A357-B385E0B68BDE}.Release|Any CPU.Build.0 = Release|Any CPU
	EndGlobalSection
	GlobalSection(SolutionProperties) = preSolution
		HideSolutionNode = FALSE
	EndGlobalSection
EndGlobal
